// !$*UTF8*$!
{
	archiveVersion = 1;
	classes = {
	};
	objectVersion = 56;
	objects = {

/* Begin PBXBuildFile section */
		B0336581CF2EBBC916E2C7E9 /* Pods_DemoApp.framework in Frameworks */ = {isa = PBXBuildFile; fileRef = 1C57A5223383C9F6CC73013F /* Pods_DemoApp.framework */; };
		DE04820B2B9DAC6E002AFDA5 /* DemoAppApp.swift in Sources */ = {isa = PBXBuildFile; fileRef = DE04820A2B9DAC6E002AFDA5 /* DemoAppApp.swift */; };
		DE04820D2B9DAC6E002AFDA5 /* ContentView.swift in Sources */ = {isa = PBXBuildFile; fileRef = DE04820C2B9DAC6E002AFDA5 /* ContentView.swift */; };
		DE04820F2B9DAC6F002AFDA5 /* Assets.xcassets in Resources */ = {isa = PBXBuildFile; fileRef = DE04820E2B9DAC6F002AFDA5 /* Assets.xcassets */; };
		DE0482122B9DAC6F002AFDA5 /* Preview Assets.xcassets in Resources */ = {isa = PBXBuildFile; fileRef = DE0482112B9DAC6F002AFDA5 /* Preview Assets.xcassets */; };
/* End PBXBuildFile section */

/* Begin PBXFileReference section */
		1C57A5223383C9F6CC73013F /* Pods_DemoApp.framework */ = {isa = PBXFileReference; explicitFileType = wrapper.framework; includeInIndex = 0; path = Pods_DemoApp.framework; sourceTree = BUILT_PRODUCTS_DIR; };
		674A14FF18B20BD1E1D05E0E /* Pods-DemoApp.release.xcconfig */ = {isa = PBXFileReference; includeInIndex = 1; lastKnownFileType = text.xcconfig; name = "Pods-DemoApp.release.xcconfig"; path = "Target Support Files/Pods-DemoApp/Pods-DemoApp.release.xcconfig"; sourceTree = "<group>"; };
		D4D4D0D91C4BABCB5F44ECB8 /* Pods-DemoApp.debug.xcconfig */ = {isa = PBXFileReference; includeInIndex = 1; lastKnownFileType = text.xcconfig; name = "Pods-DemoApp.debug.xcconfig"; path = "Target Support Files/Pods-DemoApp/Pods-DemoApp.debug.xcconfig"; sourceTree = "<group>"; };
		DE0482072B9DAC6E002AFDA5 /* DemoApp.app */ = {isa = PBXFileReference; explicitFileType = wrapper.application; includeInIndex = 0; path = DemoApp.app; sourceTree = BUILT_PRODUCTS_DIR; };
		DE04820A2B9DAC6E002AFDA5 /* DemoAppApp.swift */ = {isa = PBXFileReference; lastKnownFileType = sourcecode.swift; path = DemoAppApp.swift; sourceTree = "<group>"; };
		DE04820C2B9DAC6E002AFDA5 /* ContentView.swift */ = {isa = PBXFileReference; lastKnownFileType = sourcecode.swift; path = ContentView.swift; sourceTree = "<group>"; };
		DE04820E2B9DAC6F002AFDA5 /* Assets.xcassets */ = {isa = PBXFileReference; lastKnownFileType = folder.assetcatalog; path = Assets.xcassets; sourceTree = "<group>"; };
		DE0482112B9DAC6F002AFDA5 /* Preview Assets.xcassets */ = {isa = PBXFileReference; lastKnownFileType = folder.assetcatalog; path = "Preview Assets.xcassets"; sourceTree = "<group>"; };
/* End PBXFileReference section */

/* Begin PBXFrameworksBuildPhase section */
		DE0482042B9DAC6E002AFDA5 /* Frameworks */ = {
			isa = PBXFrameworksBuildPhase;
			buildActionMask = 2147483647;
			files = (
				B0336581CF2EBBC916E2C7E9 /* Pods_DemoApp.framework in Frameworks */,
			);
			runOnlyForDeploymentPostprocessing = 0;
		};
/* End PBXFrameworksBuildPhase section */

/* Begin PBXGroup section */
		6E80A4405620577D8628F70D /* Frameworks */ = {
			isa = PBXGroup;
			children = (
				1C57A5223383C9F6CC73013F /* Pods_DemoApp.framework */,
			);
			name = Frameworks;
			sourceTree = "<group>";
		};
		D3652AC5C633CB8FC0A59B4C /* Pods */ = {
			isa = PBXGroup;
			children = (
				D4D4D0D91C4BABCB5F44ECB8 /* Pods-DemoApp.debug.xcconfig */,
				674A14FF18B20BD1E1D05E0E /* Pods-DemoApp.release.xcconfig */,
			);
			path = Pods;
			sourceTree = "<group>";
		};
		DE0481FE2B9DAC6E002AFDA5 = {
			isa = PBXGroup;
			children = (
				DE0482092B9DAC6E002AFDA5 /* DemoApp */,
				DE0482082B9DAC6E002AFDA5 /* Products */,
				D3652AC5C633CB8FC0A59B4C /* Pods */,
				6E80A4405620577D8628F70D /* Frameworks */,
			);
			sourceTree = "<group>";
		};
		DE0482082B9DAC6E002AFDA5 /* Products */ = {
			isa = PBXGroup;
			children = (
				DE0482072B9DAC6E002AFDA5 /* DemoApp.app */,
			);
			name = Products;
			sourceTree = "<group>";
		};
		DE0482092B9DAC6E002AFDA5 /* DemoApp */ = {
			isa = PBXGroup;
			children = (
				DE04820A2B9DAC6E002AFDA5 /* DemoAppApp.swift */,
				DE04820C2B9DAC6E002AFDA5 /* ContentView.swift */,
				DE04820E2B9DAC6F002AFDA5 /* Assets.xcassets */,
				DE0482102B9DAC6F002AFDA5 /* Preview Content */,
			);
			path = DemoApp;
			sourceTree = "<group>";
		};
		DE0482102B9DAC6F002AFDA5 /* Preview Content */ = {
			isa = PBXGroup;
			children = (
				DE0482112B9DAC6F002AFDA5 /* Preview Assets.xcassets */,
			);
			path = "Preview Content";
			sourceTree = "<group>";
		};
/* End PBXGroup section */

/* Begin PBXNativeTarget section */
		DE0482062B9DAC6E002AFDA5 /* DemoApp */ = {
			isa = PBXNativeTarget;
			buildConfigurationList = DE0482152B9DAC6F002AFDA5 /* Build configuration list for PBXNativeTarget "DemoApp" */;
			buildPhases = (
				762FD8AE9544DB2BB8EB0BF3 /* [CP] Check Pods Manifest.lock */,
				DE0482032B9DAC6E002AFDA5 /* Sources */,
				DE0482042B9DAC6E002AFDA5 /* Frameworks */,
				DE0482052B9DAC6E002AFDA5 /* Resources */,
				84713C7022322027332366FE /* [CP] Embed Pods Frameworks */,
			);
			buildRules = (
			);
			dependencies = (
			);
			name = DemoApp;
			productName = DemoApp;
			productReference = DE0482072B9DAC6E002AFDA5 /* DemoApp.app */;
			productType = "com.apple.product-type.application";
		};
/* End PBXNativeTarget section */

/* Begin PBXProject section */
		DE0481FF2B9DAC6E002AFDA5 /* Project object */ = {
			isa = PBXProject;
			attributes = {
				BuildIndependentTargetsInParallel = 1;
				LastSwiftUpdateCheck = 1500;
				LastUpgradeCheck = 1500;
				TargetAttributes = {
					DE0482062B9DAC6E002AFDA5 = {
						CreatedOnToolsVersion = 15.0;
					};
				};
			};
			buildConfigurationList = DE0482022B9DAC6E002AFDA5 /* Build configuration list for PBXProject "DemoApp" */;
			compatibilityVersion = "Xcode 14.0";
			developmentRegion = en;
			hasScannedForEncodings = 0;
			knownRegions = (
				en,
				Base,
			);
			mainGroup = DE0481FE2B9DAC6E002AFDA5;
			productRefGroup = DE0482082B9DAC6E002AFDA5 /* Products */;
			projectDirPath = "";
			projectRoot = "";
			targets = (
				DE0482062B9DAC6E002AFDA5 /* DemoApp */,
			);
		};
/* End PBXProject section */

/* Begin PBXResourcesBuildPhase section */
		DE0482052B9DAC6E002AFDA5 /* Resources */ = {
			isa = PBXResourcesBuildPhase;
			buildActionMask = 2147483647;
			files = (
				DE0482122B9DAC6F002AFDA5 /* Preview Assets.xcassets in Resources */,
				DE04820F2B9DAC6F002AFDA5 /* Assets.xcassets in Resources */,
			);
			runOnlyForDeploymentPostprocessing = 0;
		};
/* End PBXResourcesBuildPhase section */

/* Begin PBXShellScriptBuildPhase section */
		762FD8AE9544DB2BB8EB0BF3 /* [CP] Check Pods Manifest.lock */ = {
			isa = PBXShellScriptBuildPhase;
			buildActionMask = 2147483647;
			files = (
			);
			inputFileListPaths = (
			);
			inputPaths = (
				"${PODS_PODFILE_DIR_PATH}/Podfile.lock",
				"${PODS_ROOT}/Manifest.lock",
			);
			name = "[CP] Check Pods Manifest.lock";
			outputFileListPaths = (
			);
			outputPaths = (
				"$(DERIVED_FILE_DIR)/Pods-DemoApp-checkManifestLockResult.txt",
			);
			runOnlyForDeploymentPostprocessing = 0;
			shellPath = /bin/sh;
			shellScript = "diff \"${PODS_PODFILE_DIR_PATH}/Podfile.lock\" \"${PODS_ROOT}/Manifest.lock\" > /dev/null\nif [ $? != 0 ] ; then\n    # print error to STDERR\n    echo \"error: The sandbox is not in sync with the Podfile.lock. Run 'pod install' or update your CocoaPods installation.\" >&2\n    exit 1\nfi\n# This output is used by Xcode 'outputs' to avoid re-running this script phase.\necho \"SUCCESS\" > \"${SCRIPT_OUTPUT_FILE_0}\"\n";
			showEnvVarsInLog = 0;
		};
		84713C7022322027332366FE /* [CP] Embed Pods Frameworks */ = {
			isa = PBXShellScriptBuildPhase;
			buildActionMask = 2147483647;
			files = (
			);
			inputFileListPaths = (
				"${PODS_ROOT}/Target Support Files/Pods-DemoApp/Pods-DemoApp-frameworks-${CONFIGURATION}-input-files.xcfilelist",
			);
			name = "[CP] Embed Pods Frameworks";
			outputFileListPaths = (
				"${PODS_ROOT}/Target Support Files/Pods-DemoApp/Pods-DemoApp-frameworks-${CONFIGURATION}-output-files.xcfilelist",
			);
			runOnlyForDeploymentPostprocessing = 0;
			shellPath = /bin/sh;
			shellScript = "\"${PODS_ROOT}/Target Support Files/Pods-DemoApp/Pods-DemoApp-frameworks.sh\"\n";
			showEnvVarsInLog = 0;
		};
/* End PBXShellScriptBuildPhase section */

/* Begin PBXSourcesBuildPhase section */
		DE0482032B9DAC6E002AFDA5 /* Sources */ = {
			isa = PBXSourcesBuildPhase;
			buildActionMask = 2147483647;
			files = (
				DE04820D2B9DAC6E002AFDA5 /* ContentView.swift in Sources */,
				DE04820B2B9DAC6E002AFDA5 /* DemoAppApp.swift in Sources */,
			);
			runOnlyForDeploymentPostprocessing = 0;
		};
/* End PBXSourcesBuildPhase section */

/* Begin XCBuildConfiguration section */
		DE0482132B9DAC6F002AFDA5 /* Debug */ = {
			isa = XCBuildConfiguration;
			buildSettings = {
				ALWAYS_SEARCH_USER_PATHS = NO;
				ASSETCATALOG_COMPILER_GENERATE_SWIFT_ASSET_SYMBOL_EXTENSIONS = YES;
				CLANG_ANALYZER_NONNULL = YES;
				CLANG_ANALYZER_NUMBER_OBJECT_CONVERSION = YES_AGGRESSIVE;
				CLANG_CXX_LANGUAGE_STANDARD = "gnu++20";
				CLANG_ENABLE_MODULES = YES;
				CLANG_ENABLE_OBJC_ARC = YES;
				CLANG_ENABLE_OBJC_WEAK = YES;
				CLANG_WARN_BLOCK_CAPTURE_AUTORELEASING = YES;
				CLANG_WARN_BOOL_CONVERSION = YES;
				CLANG_WARN_COMMA = YES;
				CLANG_WARN_CONSTANT_CONVERSION = YES;
				CLANG_WARN_DEPRECATED_OBJC_IMPLEMENTATIONS = YES;
				CLANG_WARN_DIRECT_OBJC_ISA_USAGE = YES_ERROR;
				CLANG_WARN_DOCUMENTATION_COMMENTS = YES;
				CLANG_WARN_EMPTY_BODY = YES;
				CLANG_WARN_ENUM_CONVERSION = YES;
				CLANG_WARN_INFINITE_RECURSION = YES;
				CLANG_WARN_INT_CONVERSION = YES;
				CLANG_WARN_NON_LITERAL_NULL_CONVERSION = YES;
				CLANG_WARN_OBJC_IMPLICIT_RETAIN_SELF = YES;
				CLANG_WARN_OBJC_LITERAL_CONVERSION = YES;
				CLANG_WARN_OBJC_ROOT_CLASS = YES_ERROR;
				CLANG_WARN_QUOTED_INCLUDE_IN_FRAMEWORK_HEADER = YES;
				CLANG_WARN_RANGE_LOOP_ANALYSIS = YES;
				CLANG_WARN_STRICT_PROTOTYPES = YES;
				CLANG_WARN_SUSPICIOUS_MOVE = YES;
				CLANG_WARN_UNGUARDED_AVAILABILITY = YES_AGGRESSIVE;
				CLANG_WARN_UNREACHABLE_CODE = YES;
				CLANG_WARN__DUPLICATE_METHOD_MATCH = YES;
				COPY_PHASE_STRIP = NO;
				DEBUG_INFORMATION_FORMAT = dwarf;
				ENABLE_STRICT_OBJC_MSGSEND = YES;
				ENABLE_TESTABILITY = YES;
				ENABLE_USER_SCRIPT_SANDBOXING = YES;
				GCC_C_LANGUAGE_STANDARD = gnu17;
				GCC_DYNAMIC_NO_PIC = NO;
				GCC_NO_COMMON_BLOCKS = YES;
				GCC_OPTIMIZATION_LEVEL = 0;
				GCC_PREPROCESSOR_DEFINITIONS = (
					"DEBUG=1",
					"$(inherited)",
				);
				GCC_WARN_64_TO_32_BIT_CONVERSION = YES;
				GCC_WARN_ABOUT_RETURN_TYPE = YES_ERROR;
				GCC_WARN_UNDECLARED_SELECTOR = YES;
				GCC_WARN_UNINITIALIZED_AUTOS = YES_AGGRESSIVE;
				GCC_WARN_UNUSED_FUNCTION = YES;
				GCC_WARN_UNUSED_VARIABLE = YES;
				IPHONEOS_DEPLOYMENT_TARGET = 17.0;
				LOCALIZATION_PREFERS_STRING_CATALOGS = YES;
				MTL_ENABLE_DEBUG_INFO = INCLUDE_SOURCE;
				MTL_FAST_MATH = YES;
				ONLY_ACTIVE_ARCH = YES;
				SDKROOT = iphoneos;
				SWIFT_ACTIVE_COMPILATION_CONDITIONS = "DEBUG $(inherited)";
				SWIFT_OPTIMIZATION_LEVEL = "-Onone";
			};
			name = Debug;
		};
		DE0482142B9DAC6F002AFDA5 /* Release */ = {
			isa = XCBuildConfiguration;
			buildSettings = {
				ALWAYS_SEARCH_USER_PATHS = NO;
				ASSETCATALOG_COMPILER_GENERATE_SWIFT_ASSET_SYMBOL_EXTENSIONS = YES;
				CLANG_ANALYZER_NONNULL = YES;
				CLANG_ANALYZER_NUMBER_OBJECT_CONVERSION = YES_AGGRESSIVE;
				CLANG_CXX_LANGUAGE_STANDARD = "gnu++20";
				CLANG_ENABLE_MODULES = YES;
				CLANG_ENABLE_OBJC_ARC = YES;
				CLANG_ENABLE_OBJC_WEAK = YES;
				CLANG_WARN_BLOCK_CAPTURE_AUTORELEASING = YES;
				CLANG_WARN_BOOL_CONVERSION = YES;
				CLANG_WARN_COMMA = YES;
				CLANG_WARN_CONSTANT_CONVERSION = YES;
				CLANG_WARN_DEPRECATED_OBJC_IMPLEMENTATIONS = YES;
				CLANG_WARN_DIRECT_OBJC_ISA_USAGE = YES_ERROR;
				CLANG_WARN_DOCUMENTATION_COMMENTS = YES;
				CLANG_WARN_EMPTY_BODY = YES;
				CLANG_WARN_ENUM_CONVERSION = YES;
				CLANG_WARN_INFINITE_RECURSION = YES;
				CLANG_WARN_INT_CONVERSION = YES;
				CLANG_WARN_NON_LITERAL_NULL_CONVERSION = YES;
				CLANG_WARN_OBJC_IMPLICIT_RETAIN_SELF = YES;
				CLANG_WARN_OBJC_LITERAL_CONVERSION = YES;
				CLANG_WARN_OBJC_ROOT_CLASS = YES_ERROR;
				CLANG_WARN_QUOTED_INCLUDE_IN_FRAMEWORK_HEADER = YES;
				CLANG_WARN_RANGE_LOOP_ANALYSIS = YES;
				CLANG_WARN_STRICT_PROTOTYPES = YES;
				CLANG_WARN_SUSPICIOUS_MOVE = YES;
				CLANG_WARN_UNGUARDED_AVAILABILITY = YES_AGGRESSIVE;
				CLANG_WARN_UNREACHABLE_CODE = YES;
				CLANG_WARN__DUPLICATE_METHOD_MATCH = YES;
				COPY_PHASE_STRIP = NO;
				DEBUG_INFORMATION_FORMAT = "dwarf-with-dsym";
				ENABLE_NS_ASSERTIONS = NO;
				ENABLE_STRICT_OBJC_MSGSEND = YES;
				ENABLE_USER_SCRIPT_SANDBOXING = YES;
				GCC_C_LANGUAGE_STANDARD = gnu17;
				GCC_NO_COMMON_BLOCKS = YES;
				GCC_WARN_64_TO_32_BIT_CONVERSION = YES;
				GCC_WARN_ABOUT_RETURN_TYPE = YES_ERROR;
				GCC_WARN_UNDECLARED_SELECTOR = YES;
				GCC_WARN_UNINITIALIZED_AUTOS = YES_AGGRESSIVE;
				GCC_WARN_UNUSED_FUNCTION = YES;
				GCC_WARN_UNUSED_VARIABLE = YES;
				IPHONEOS_DEPLOYMENT_TARGET = 17.0;
				LOCALIZATION_PREFERS_STRING_CATALOGS = YES;
				MTL_ENABLE_DEBUG_INFO = NO;
				MTL_FAST_MATH = YES;
				SDKROOT = iphoneos;
				SWIFT_COMPILATION_MODE = wholemodule;
				VALIDATE_PRODUCT = YES;
			};
			name = Release;
		};
		DE0482162B9DAC6F002AFDA5 /* Debug */ = {
			isa = XCBuildConfiguration;
			baseConfigurationReference = D4D4D0D91C4BABCB5F44ECB8 /* Pods-DemoApp.debug.xcconfig */;
			buildSettings = {
				ASSETCATALOG_COMPILER_APPICON_NAME = AppIcon;
				ASSETCATALOG_COMPILER_GLOBAL_ACCENT_COLOR_NAME = AccentColor;
				CODE_SIGN_STYLE = Automatic;
				CURRENT_PROJECT_VERSION = 1;
				DEVELOPMENT_ASSET_PATHS = "\"DemoApp/Preview Content\"";
				DEVELOPMENT_TEAM = 7YU2R9K6J3;
				ENABLE_PREVIEWS = YES;
				ENABLE_USER_SCRIPT_SANDBOXING = NO;
				GENERATE_INFOPLIST_FILE = YES;
				INFOPLIST_KEY_UIApplicationSceneManifest_Generation = YES;
				INFOPLIST_KEY_UIApplicationSupportsIndirectInputEvents = YES;
				INFOPLIST_KEY_UILaunchScreen_Generation = YES;
				INFOPLIST_KEY_UISupportedInterfaceOrientations_iPad = "UIInterfaceOrientationPortrait UIInterfaceOrientationPortraitUpsideDown UIInterfaceOrientationLandscapeLeft UIInterfaceOrientationLandscapeRight";
				INFOPLIST_KEY_UISupportedInterfaceOrientations_iPhone = "UIInterfaceOrientationPortrait UIInterfaceOrientationLandscapeLeft UIInterfaceOrientationLandscapeRight";
				LD_RUNPATH_SEARCH_PATHS = (
					"$(inherited)",
					"@executable_path/Frameworks",
				);
				MARKETING_VERSION = 1.0;
				PRODUCT_BUNDLE_IDENTIFIER = com.personal.DemoApp;
				PRODUCT_NAME = "$(TARGET_NAME)";
				SWIFT_EMIT_LOC_STRINGS = YES;
				SWIFT_VERSION = 5.0;
				TARGETED_DEVICE_FAMILY = "1,2";
			};
			name = Debug;
		};
		DE0482172B9DAC6F002AFDA5 /* Release */ = {
			isa = XCBuildConfiguration;
			baseConfigurationReference = 674A14FF18B20BD1E1D05E0E /* Pods-DemoApp.release.xcconfig */;
			buildSettings = {
				ASSETCATALOG_COMPILER_APPICON_NAME = AppIcon;
				ASSETCATALOG_COMPILER_GLOBAL_ACCENT_COLOR_NAME = AccentColor;
				CODE_SIGN_STYLE = Automatic;
				CURRENT_PROJECT_VERSION = 1;
				DEVELOPMENT_ASSET_PATHS = "\"DemoApp/Preview Content\"";
				DEVELOPMENT_TEAM = 7YU2R9K6J3;
				ENABLE_PREVIEWS = YES;
				ENABLE_USER_SCRIPT_SANDBOXING = NO;
				GENERATE_INFOPLIST_FILE = YES;
				INFOPLIST_KEY_UIApplicationSceneManifest_Generation = YES;
				INFOPLIST_KEY_UIApplicationSupportsIndirectInputEvents = YES;
				INFOPLIST_KEY_UILaunchScreen_Generation = YES;
				INFOPLIST_KEY_UISupportedInterfaceOrientations_iPad = "UIInterfaceOrientationPortrait UIInterfaceOrientationPortraitUpsideDown UIInterfaceOrientationLandscapeLeft UIInterfaceOrientationLandscapeRight";
				INFOPLIST_KEY_UISupportedInterfaceOrientations_iPhone = "UIInterfaceOrientationPortrait UIInterfaceOrientationLandscapeLeft UIInterfaceOrientationLandscapeRight";
				LD_RUNPATH_SEARCH_PATHS = (
					"$(inherited)",
					"@executable_path/Frameworks",
				);
				MARKETING_VERSION = 1.0;
				PRODUCT_BUNDLE_IDENTIFIER = com.personal.DemoApp;
				PRODUCT_NAME = "$(TARGET_NAME)";
				SWIFT_EMIT_LOC_STRINGS = YES;
				SWIFT_VERSION = 5.0;
				TARGETED_DEVICE_FAMILY = "1,2";
			};
			name = Release;
		};
/* End XCBuildConfiguration section */

/* Begin XCConfigurationList section */
		DE0482022B9DAC6E002AFDA5 /* Build configuration list for PBXProject "DemoApp" */ = {
			isa = XCConfigurationList;
			buildConfigurations = (
				DE0482132B9DAC6F002AFDA5 /* Debug */,
				DE0482142B9DAC6F002AFDA5 /* Release */,
			);
			defaultConfigurationIsVisible = 0;
			defaultConfigurationName = Release;
		};
		DE0482152B9DAC6F002AFDA5 /* Build configuration list for PBXNativeTarget "DemoApp" */ = {
			isa = XCConfigurationList;
			buildConfigurations = (
				DE0482162B9DAC6F002AFDA5 /* Debug */,
				DE0482172B9DAC6F002AFDA5 /* Release */,
			);
			defaultConfigurationIsVisible = 0;
			defaultConfigurationName = Release;
		};
/* End XCConfigurationList section */
	};
	rootObject = DE0481FF2B9DAC6E002AFDA5 /* Project object */;
}
